
Microsoft Visual Studio Solution File, Format Version 12.00
Project("{FAE04EC0-301F-11D3-BF4B-00C04F79EFBC}") = "homework-9", "homework-9\homework-9.csproj", "{D12AD5FB-C31B-46CA-AAE8-9210890E65F8}"
EndProject
Global
	GlobalSection(SolutionConfigurationPlatforms) = preSolution
		Debug|Any CPU = Debug|Any CPU
		Release|Any CPU = Release|Any CPU
	EndGlobalSection
	GlobalSection(ProjectConfigurationPlatforms) = postSolution
		{D12AD5FB-C31B-46CA-AAE8-9210890E65F8}.Debug|Any CPU.ActiveCfg = Debug|Any CPU
		{D12AD5FB-C31B-46CA-AAE8-9210890E65F8}.Debug|Any CPU.Build.0 = Debug|Any CPU
		{D12AD5FB-C31B-46CA-AAE8-9210890E65F8}.Release|Any CPU.ActiveCfg = Release|Any CPU
		{D12AD5FB-C31B-46CA-AAE8-9210890E65F8}.Release|Any CPU.Build.0 = Release|Any CPU
	EndGlobalSection
EndGlobal
